// !$*UTF8*$!
{
	archiveVersion = 1;
	classes = {
	};
	objectVersion = 56;
	objects = {

/* Begin PBXBuildFile section */
		BDDCC6C22A44856F00EFD104 /* projectOneApp.swift in Sources */ = {isa = PBXBuildFile; fileRef = BDDCC6C12A44856F00EFD104 /* projectOneApp.swift */; };
		BDDCC6C42A44856F00EFD104 /* ContentView.swift in Sources */ = {isa = PBXBuildFile; fileRef = BDDCC6C32A44856F00EFD104 /* ContentView.swift */; };
		BDDCC6C62A44857100EFD104 /* Assets.xcassets in Resources */ = {isa = PBXBuildFile; fileRef = BDDCC6C52A44857100EFD104 /* Assets.xcassets */; };
		BDDCC6C92A44857100EFD104 /* Preview Assets.xcassets in Resources */ = {isa = PBXBuildFile; fileRef = BDDCC6C82A44857100EFD104 /* Preview Assets.xcassets */; };
		BDDCC6D32A44857100EFD104 /* projectOneTests.swift in Sources */ = {isa = PBXBuildFile; fileRef = BDDCC6D22A44857100EFD104 /* projectOneTests.swift */; };
		BDDCC6DD2A44857100EFD104 /* projectOneUITests.swift in Sources */ = {isa = PBXBuildFile; fileRef = BDDCC6DC2A44857100EFD104 /* projectOneUITests.swift */; };
		BDDCC6DF2A44857100EFD104 /* projectOneUITestsLaunchTests.swift in Sources */ = {isa = PBXBuildFile; fileRef = BDDCC6DE2A44857100EFD104 /* projectOneUITestsLaunchTests.swift */; };
/* End PBXBuildFile section */

/* Begin PBXContainerItemProxy section */
		BDDCC6CF2A44857100EFD104 /* PBXContainerItemProxy */ = {
			isa = PBXContainerItemProxy;
			containerPortal = BDDCC6B62A44856F00EFD104 /* Project object */;
			proxyType = 1;
			remoteGlobalIDString = BDDCC6BD2A44856F00EFD104;
			remoteInfo = projectOne;
		};
		BDDCC6D92A44857100EFD104 /* PBXContainerItemProxy */ = {
			isa = PBXContainerItemProxy;
			containerPortal = BDDCC6B62A44856F00EFD104 /* Project object */;
			proxyType = 1;
			remoteGlobalIDString = BDDCC6BD2A44856F00EFD104;
			remoteInfo = projectOne;
		};
/* End PBXContainerItemProxy section */

/* Begin PBXFileReference section */
		BDDCC6BE2A44856F00EFD104 /* projectOne.app */ = {isa = PBXFileReference; explicitFileType = wrapper.application; includeInIndex = 0; path = projectOne.app; sourceTree = BUILT_PRODUCTS_DIR; };
		BDDCC6C12A44856F00EFD104 /* projectOneApp.swift */ = {isa = PBXFileReference; lastKnownFileType = sourcecode.swift; path = projectOneApp.swift; sourceTree = "<group>"; };
		BDDCC6C32A44856F00EFD104 /* ContentView.swift */ = {isa = PBXFileReference; indentWidth = 3; lastKnownFileType = sourcecode.swift; path = ContentView.swift; sourceTree = "<group>"; tabWidth = 3; };
		BDDCC6C52A44857100EFD104 /* Assets.xcassets */ = {isa = PBXFileReference; lastKnownFileType = folder.assetcatalog; path = Assets.xcassets; sourceTree = "<group>"; };
		BDDCC6C82A44857100EFD104 /* Preview Assets.xcassets */ = {isa = PBXFileReference; lastKnownFileType = folder.assetcatalog; path = "Preview Assets.xcassets"; sourceTree = "<group>"; };
		BDDCC6CE2A44857100EFD104 /* projectOneTests.xctest */ = {isa = PBXFileReference; explicitFileType = wrapper.cfbundle; includeInIndex = 0; path = projectOneTests.xctest; sourceTree = BUILT_PRODUCTS_DIR; };
		BDDCC6D22A44857100EFD104 /* projectOneTests.swift */ = {isa = PBXFileReference; lastKnownFileType = sourcecode.swift; path = projectOneTests.swift; sourceTree = "<group>"; };
		BDDCC6D82A44857100EFD104 /* projectOneUITests.xctest */ = {isa = PBXFileReference; explicitFileType = wrapper.cfbundle; includeInIndex = 0; path = projectOneUITests.xctest; sourceTree = BUILT_PRODUCTS_DIR; };
		BDDCC6DC2A44857100EFD104 /* projectOneUITests.swift */ = {isa = PBXFileReference; lastKnownFileType = sourcecode.swift; path = projectOneUITests.swift; sourceTree = "<group>"; };
		BDDCC6DE2A44857100EFD104 /* projectOneUITestsLaunchTests.swift */ = {isa = PBXFileReference; lastKnownFileType = sourcecode.swift; path = projectOneUITestsLaunchTests.swift; sourceTree = "<group>"; };
/* End PBXFileReference section */

/* Begin PBXFrameworksBuildPhase section */
		BDDCC6BB2A44856F00EFD104 /* Frameworks */ = {
			isa = PBXFrameworksBuildPhase;
			buildActionMask = 2147483647;
			files = (
			);
			runOnlyForDeploymentPostprocessing = 0;
		};
		BDDCC6CB2A44857100EFD104 /* Frameworks */ = {
			isa = PBXFrameworksBuildPhase;
			buildActionMask = 2147483647;
			files = (
			);
			runOnlyForDeploymentPostprocessing = 0;
		};
		BDDCC6D52A44857100EFD104 /* Frameworks */ = {
			isa = PBXFrameworksBuildPhase;
			buildActionMask = 2147483647;
			files = (
			);
			runOnlyForDeploymentPostprocessing = 0;
		};
/* End PBXFrameworksBuildPhase section */

/* Begin PBXGroup section */
		BDDCC6B52A44856F00EFD104 = {
			isa = PBXGroup;
			children = (
				BDDCC6C02A44856F00EFD104 /* projectOne */,
				BDDCC6D12A44857100EFD104 /* projectOneTests */,
				BDDCC6DB2A44857100EFD104 /* projectOneUITests */,
				BDDCC6BF2A44856F00EFD104 /* Products */,
			);
			sourceTree = "<group>";
		};
		BDDCC6BF2A44856F00EFD104 /* Products */ = {
			isa = PBXGroup;
			children = (
				BDDCC6BE2A44856F00EFD104 /* projectOne.app */,
				BDDCC6CE2A44857100EFD104 /* projectOneTests.xctest */,
				BDDCC6D82A44857100EFD104 /* projectOneUITests.xctest */,
			);
			name = Products;
			sourceTree = "<group>";
		};
		BDDCC6C02A44856F00EFD104 /* projectOne */ = {
			isa = PBXGroup;
			children = (
				BDDCC6C12A44856F00EFD104 /* projectOneApp.swift */,
				BDDCC6C32A44856F00EFD104 /* ContentView.swift */,
				BDDCC6C52A44857100EFD104 /* Assets.xcassets */,
				BDDCC6C72A44857100EFD104 /* Preview Content */,
			);
			path = projectOne;
			sourceTree = "<group>";
		};
		BDDCC6C72A44857100EFD104 /* Preview Content */ = {
			isa = PBXGroup;
			children = (
				BDDCC6C82A44857100EFD104 /* Preview Assets.xcassets */,
			);
			path = "Preview Content";
			sourceTree = "<group>";
		};
		BDDCC6D12A44857100EFD104 /* projectOneTests */ = {
			isa = PBXGroup;
			children = (
				BDDCC6D22A44857100EFD104 /* projectOneTests.swift */,
			);
			path = projectOneTests;
			sourceTree = "<group>";
		};
		BDDCC6DB2A44857100EFD104 /* projectOneUITests */ = {
			isa = PBXGroup;
			children = (
				BDDCC6DC2A44857100EFD104 /* projectOneUITests.swift */,
				BDDCC6DE2A44857100EFD104 /* projectOneUITestsLaunchTests.swift */,
			);
			path = projectOneUITests;
			sourceTree = "<group>";
		};
/* End PBXGroup section */

/* Begin PBXNativeTarget section */
		BDDCC6BD2A44856F00EFD104 /* projectOne */ = {
			isa = PBXNativeTarget;
			buildConfigurationList = BDDCC6E22A44857100EFD104 /* Build configuration list for PBXNativeTarget "projectOne" */;
			buildPhases = (
				BDDCC6BA2A44856F00EFD104 /* Sources */,
				BDDCC6BB2A44856F00EFD104 /* Frameworks */,
				BDDCC6BC2A44856F00EFD104 /* Resources */,
			);
			buildRules = (
			);
			dependencies = (
			);
			name = projectOne;
			productName = projectOne;
			productReference = BDDCC6BE2A44856F00EFD104 /* projectOne.app */;
			productType = "com.apple.product-type.application";
		};
		BDDCC6CD2A44857100EFD104 /* projectOneTests */ = {
			isa = PBXNativeTarget;
			buildConfigurationList = BDDCC6E52A44857100EFD104 /* Build configuration list for PBXNativeTarget "projectOneTests" */;
			buildPhases = (
				BDDCC6CA2A44857100EFD104 /* Sources */,
				BDDCC6CB2A44857100EFD104 /* Frameworks */,
				BDDCC6CC2A44857100EFD104 /* Resources */,
			);
			buildRules = (
			);
			dependencies = (
				BDDCC6D02A44857100EFD104 /* PBXTargetDependency */,
			);
			name = projectOneTests;
			productName = projectOneTests;
			productReference = BDDCC6CE2A44857100EFD104 /* projectOneTests.xctest */;
			productType = "com.apple.product-type.bundle.unit-test";
		};
		BDDCC6D72A44857100EFD104 /* projectOneUITests */ = {
			isa = PBXNativeTarget;
			buildConfigurationList = BDDCC6E82A44857100EFD104 /* Build configuration list for PBXNativeTarget "projectOneUITests" */;
			buildPhases = (
				BDDCC6D42A44857100EFD104 /* Sources */,
				BDDCC6D52A44857100EFD104 /* Frameworks */,
				BDDCC6D62A44857100EFD104 /* Resources */,
			);
			buildRules = (
			);
			dependencies = (
				BDDCC6DA2A44857100EFD104 /* PBXTargetDependency */,
			);
			name = projectOneUITests;
			productName = projectOneUITests;
			productReference = BDDCC6D82A44857100EFD104 /* projectOneUITests.xctest */;
			productType = "com.apple.product-type.bundle.ui-testing";
		};
/* End PBXNativeTarget section */

/* Begin PBXProject section */
		BDDCC6B62A44856F00EFD104 /* Project object */ = {
			isa = PBXProject;
			attributes = {
				BuildIndependentTargetsInParallel = 1;
				LastSwiftUpdateCheck = 1430;
				LastUpgradeCheck = 1430;
				TargetAttributes = {
					BDDCC6BD2A44856F00EFD104 = {
						CreatedOnToolsVersion = 14.3.1;
					};
					BDDCC6CD2A44857100EFD104 = {
						CreatedOnToolsVersion = 14.3.1;
						TestTargetID = BDDCC6BD2A44856F00EFD104;
					};
					BDDCC6D72A44857100EFD104 = {
						CreatedOnToolsVersion = 14.3.1;
						TestTargetID = BDDCC6BD2A44856F00EFD104;
					};
				};
			};
			buildConfigurationList = BDDCC6B92A44856F00EFD104 /* Build configuration list for PBXProject "projectOne" */;
			compatibilityVersion = "Xcode 14.0";
			developmentRegion = en;
			hasScannedForEncodings = 0;
			knownRegions = (
				en,
				Base,
			);
			mainGroup = BDDCC6B52A44856F00EFD104;
			productRefGroup = BDDCC6BF2A44856F00EFD104 /* Products */;
			projectDirPath = "";
			projectRoot = "";
			targets = (
				BDDCC6BD2A44856F00EFD104 /* projectOne */,
				BDDCC6CD2A44857100EFD104 /* projectOneTests */,
				BDDCC6D72A44857100EFD104 /* projectOneUITests */,
			);
		};
/* End PBXProject section */

/* Begin PBXResourcesBuildPhase section */
		BDDCC6BC2A44856F00EFD104 /* Resources */ = {
			isa = PBXResourcesBuildPhase;
			buildActionMask = 2147483647;
			files = (
				BDDCC6C92A44857100EFD104 /* Preview Assets.xcassets in Resources */,
				BDDCC6C62A44857100EFD104 /* Assets.xcassets in Resources */,
			);
			runOnlyForDeploymentPostprocessing = 0;
		};
		BDDCC6CC2A44857100EFD104 /* Resources */ = {
			isa = PBXResourcesBuildPhase;
			buildActionMask = 2147483647;
			files = (
			);
			runOnlyForDeploymentPostprocessing = 0;
		};
		BDDCC6D62A44857100EFD104 /* Resources */ = {
			isa = PBXResourcesBuildPhase;
			buildActionMask = 2147483647;
			files = (
			);
			runOnlyForDeploymentPostprocessing = 0;
		};
/* End PBXResourcesBuildPhase section */

/* Begin PBXSourcesBuildPhase section */
		BDDCC6BA2A44856F00EFD104 /* Sources */ = {
			isa = PBXSourcesBuildPhase;
			buildActionMask = 2147483647;
			files = (
				BDDCC6C42A44856F00EFD104 /* ContentView.swift in Sources */,
				BDDCC6C22A44856F00EFD104 /* projectOneApp.swift in Sources */,
			);
			runOnlyForDeploymentPostprocessing = 0;
		};
		BDDCC6CA2A44857100EFD104 /* Sources */ = {
			isa = PBXSourcesBuildPhase;
			buildActionMask = 2147483647;
			files = (
				BDDCC6D32A44857100EFD104 /* projectOneTests.swift in Sources */,
			);
			runOnlyForDeploymentPostprocessing = 0;
		};
		BDDCC6D42A44857100EFD104 /* Sources */ = {
			isa = PBXSourcesBuildPhase;
			buildActionMask = 2147483647;
			files = (
				BDDCC6DD2A44857100EFD104 /* projectOneUITests.swift in Sources */,
				BDDCC6DF2A44857100EFD104 /* projectOneUITestsLaunchTests.swift in Sources */,
			);
			runOnlyForDeploymentPostprocessing = 0;
		};
/* End PBXSourcesBuildPhase section */

/* Begin PBXTargetDependency section */
		BDDCC6D02A44857100EFD104 /* PBXTargetDependency */ = {
			isa = PBXTargetDependency;
			target = BDDCC6BD2A44856F00EFD104 /* projectOne */;
			targetProxy = BDDCC6CF2A44857100EFD104 /* PBXContainerItemProxy */;
		};
		BDDCC6DA2A44857100EFD104 /* PBXTargetDependency */ = {
			isa = PBXTargetDependency;
			target = BDDCC6BD2A44856F00EFD104 /* projectOne */;
			targetProxy = BDDCC6D92A44857100EFD104 /* PBXContainerItemProxy */;
		};
/* End PBXTargetDependency section */

/* Begin XCBuildConfiguration section */
		BDDCC6E02A44857100EFD104 /* Debug */ = {
			isa = XCBuildConfiguration;
			buildSettings = {
				ALWAYS_SEARCH_USER_PATHS = NO;
				CLANG_ANALYZER_NONNULL = YES;
				CLANG_ANALYZER_NUMBER_OBJECT_CONVERSION = YES_AGGRESSIVE;
				CLANG_CXX_LANGUAGE_STANDARD = "gnu++20";
				CLANG_ENABLE_MODULES = YES;
				CLANG_ENABLE_OBJC_ARC = YES;
				CLANG_ENABLE_OBJC_WEAK = YES;
				CLANG_WARN_BLOCK_CAPTURE_AUTORELEASING = YES;
				CLANG_WARN_BOOL_CONVERSION = YES;
				CLANG_WARN_COMMA = YES;
				CLANG_WARN_CONSTANT_CONVERSION = YES;
				CLANG_WARN_DEPRECATED_OBJC_IMPLEMENTATIONS = YES;
				CLANG_WARN_DIRECT_OBJC_ISA_USAGE = YES_ERROR;
				CLANG_WARN_DOCUMENTATION_COMMENTS = YES;
				CLANG_WARN_EMPTY_BODY = YES;
				CLANG_WARN_ENUM_CONVERSION = YES;
				CLANG_WARN_INFINITE_RECURSION = YES;
				CLANG_WARN_INT_CONVERSION = YES;
				CLANG_WARN_NON_LITERAL_NULL_CONVERSION = YES;
				CLANG_WARN_OBJC_IMPLICIT_RETAIN_SELF = YES;
				CLANG_WARN_OBJC_LITERAL_CONVERSION = YES;
				CLANG_WARN_OBJC_ROOT_CLASS = YES_ERROR;
				CLANG_WARN_QUOTED_INCLUDE_IN_FRAMEWORK_HEADER = YES;
				CLANG_WARN_RANGE_LOOP_ANALYSIS = YES;
				CLANG_WARN_STRICT_PROTOTYPES = YES;
				CLANG_WARN_SUSPICIOUS_MOVE = YES;
				CLANG_WARN_UNGUARDED_AVAILABILITY = YES_AGGRESSIVE;
				CLANG_WARN_UNREACHABLE_CODE = YES;
				CLANG_WARN__DUPLICATE_METHOD_MATCH = YES;
				COPY_PHASE_STRIP = NO;
				DEBUG_INFORMATION_FORMAT = dwarf;
				ENABLE_STRICT_OBJC_MSGSEND = YES;
				ENABLE_TESTABILITY = YES;
				GCC_C_LANGUAGE_STANDARD = gnu11;
				GCC_DYNAMIC_NO_PIC = NO;
				GCC_NO_COMMON_BLOCKS = YES;
				GCC_OPTIMIZATION_LEVEL = 0;
				GCC_PREPROCESSOR_DEFINITIONS = (
					"DEBUG=1",
					"$(inherited)",
				);
				GCC_WARN_64_TO_32_BIT_CONVERSION = YES;
				GCC_WARN_ABOUT_RETURN_TYPE = YES_ERROR;
				GCC_WARN_UNDECLARED_SELECTOR = YES;
				GCC_WARN_UNINITIALIZED_AUTOS = YES_AGGRESSIVE;
				GCC_WARN_UNUSED_FUNCTION = YES;
				GCC_WARN_UNUSED_VARIABLE = YES;
				IPHONEOS_DEPLOYMENT_TARGET = 16.4;
				MTL_ENABLE_DEBUG_INFO = INCLUDE_SOURCE;
				MTL_FAST_MATH = YES;
				ONLY_ACTIVE_ARCH = YES;
				SDKROOT = iphoneos;
				SWIFT_ACTIVE_COMPILATION_CONDITIONS = DEBUG;
				SWIFT_OPTIMIZATION_LEVEL = "-Onone";
			};
			name = Debug;
		};
		BDDCC6E12A44857100EFD104 /* Release */ = {
			isa = XCBuildConfiguration;
			buildSettings = {
				ALWAYS_SEARCH_USER_PATHS = NO;
				CLANG_ANALYZER_NONNULL = YES;
				CLANG_ANALYZER_NUMBER_OBJECT_CONVERSION = YES_AGGRESSIVE;
				CLANG_CXX_LANGUAGE_STANDARD = "gnu++20";
				CLANG_ENABLE_MODULES = YES;
				CLANG_ENABLE_OBJC_ARC = YES;
				CLANG_ENABLE_OBJC_WEAK = YES;
				CLANG_WARN_BLOCK_CAPTURE_AUTORELEASING = YES;
				CLANG_WARN_BOOL_CONVERSION = YES;
				CLANG_WARN_COMMA = YES;
				CLANG_WARN_CONSTANT_CONVERSION = YES;
				CLANG_WARN_DEPRECATED_OBJC_IMPLEMENTATIONS = YES;
				CLANG_WARN_DIRECT_OBJC_ISA_USAGE = YES_ERROR;
				CLANG_WARN_DOCUMENTATION_COMMENTS = YES;
				CLANG_WARN_EMPTY_BODY = YES;
				CLANG_WARN_ENUM_CONVERSION = YES;
				CLANG_WARN_INFINITE_RECURSION = YES;
				CLANG_WARN_INT_CONVERSION = YES;
				CLANG_WARN_NON_LITERAL_NULL_CONVERSION = YES;
				CLANG_WARN_OBJC_IMPLICIT_RETAIN_SELF = YES;
				CLANG_WARN_OBJC_LITERAL_CONVERSION = YES;
				CLANG_WARN_OBJC_ROOT_CLASS = YES_ERROR;
				CLANG_WARN_QUOTED_INCLUDE_IN_FRAMEWORK_HEADER = YES;
				CLANG_WARN_RANGE_LOOP_ANALYSIS = YES;
				CLANG_WARN_STRICT_PROTOTYPES = YES;
				CLANG_WARN_SUSPICIOUS_MOVE = YES;
				CLANG_WARN_UNGUARDED_AVAILABILITY = YES_AGGRESSIVE;
				CLANG_WARN_UNREACHABLE_CODE = YES;
				CLANG_WARN__DUPLICATE_METHOD_MATCH = YES;
				COPY_PHASE_STRIP = NO;
				DEBUG_INFORMATION_FORMAT = "dwarf-with-dsym";
				ENABLE_NS_ASSERTIONS = NO;
				ENABLE_STRICT_OBJC_MSGSEND = YES;
				GCC_C_LANGUAGE_STANDARD = gnu11;
				GCC_NO_COMMON_BLOCKS = YES;
				GCC_WARN_64_TO_32_BIT_CONVERSION = YES;
				GCC_WARN_ABOUT_RETURN_TYPE = YES_ERROR;
				GCC_WARN_UNDECLARED_SELECTOR = YES;
				GCC_WARN_UNINITIALIZED_AUTOS = YES_AGGRESSIVE;
				GCC_WARN_UNUSED_FUNCTION = YES;
				GCC_WARN_UNUSED_VARIABLE = YES;
				IPHONEOS_DEPLOYMENT_TARGET = 16.4;
				MTL_ENABLE_DEBUG_INFO = NO;
				MTL_FAST_MATH = YES;
				SDKROOT = iphoneos;
				SWIFT_COMPILATION_MODE = wholemodule;
				SWIFT_OPTIMIZATION_LEVEL = "-O";
				VALIDATE_PRODUCT = YES;
			};
			name = Release;
		};
		BDDCC6E32A44857100EFD104 /* Debug */ = {
			isa = XCBuildConfiguration;
			buildSettings = {
				ASSETCATALOG_COMPILER_APPICON_NAME = AppIcon;
				ASSETCATALOG_COMPILER_GLOBAL_ACCENT_COLOR_NAME = AccentColor;
				CODE_SIGN_STYLE = Automatic;
				CURRENT_PROJECT_VERSION = 1;
				DEVELOPMENT_ASSET_PATHS = "\"projectOne/Preview Content\"";
				ENABLE_PREVIEWS = YES;
				GENERATE_INFOPLIST_FILE = YES;
				INFOPLIST_KEY_UIApplicationSceneManifest_Generation = YES;
				INFOPLIST_KEY_UIApplicationSupportsIndirectInputEvents = YES;
				INFOPLIST_KEY_UILaunchScreen_Generation = YES;
				INFOPLIST_KEY_UISupportedInterfaceOrientations_iPad = "UIInterfaceOrientationPortrait UIInterfaceOrientationPortraitUpsideDown UIInterfaceOrientationLandscapeLeft UIInterfaceOrientationLandscapeRight";
				INFOPLIST_KEY_UISupportedInterfaceOrientations_iPhone = "UIInterfaceOrientationPortrait UIInterfaceOrientationLandscapeLeft UIInterfaceOrientationLandscapeRight";
				LD_RUNPATH_SEARCH_PATHS = (
					"$(inherited)",
					"@executable_path/Frameworks",
				);
				MARKETING_VERSION = 1.0;
				PRODUCT_BUNDLE_IDENTIFIER = kW.projectOne;
				PRODUCT_NAME = "$(TARGET_NAME)";
				SWIFT_EMIT_LOC_STRINGS = YES;
				SWIFT_VERSION = 5.0;
				TARGETED_DEVICE_FAMILY = "1,2";
			};
			name = Debug;
		};
		BDDCC6E42A44857100EFD104 /* Release */ = {
			isa = XCBuildConfiguration;
			buildSettings = {
				ASSETCATALOG_COMPILER_APPICON_NAME = AppIcon;
				ASSETCATALOG_COMPILER_GLOBAL_ACCENT_COLOR_NAME = AccentColor;
				CODE_SIGN_STYLE = Automatic;
				CURRENT_PROJECT_VERSION = 1;
				DEVELOPMENT_ASSET_PATHS = "\"projectOne/Preview Content\"";
				ENABLE_PREVIEWS = YES;
				GENERATE_INFOPLIST_FILE = YES;
				INFOPLIST_KEY_UIApplicationSceneManifest_Generation = YES;
				INFOPLIST_KEY_UIApplicationSupportsIndirectInputEvents = YES;
				INFOPLIST_KEY_UILaunchScreen_Generation = YES;
				INFOPLIST_KEY_UISupportedInterfaceOrientations_iPad = "UIInterfaceOrientationPortrait UIInterfaceOrientationPortraitUpsideDown UIInterfaceOrientationLandscapeLeft UIInterfaceOrientationLandscapeRight";
				INFOPLIST_KEY_UISupportedInterfaceOrientations_iPhone = "UIInterfaceOrientationPortrait UIInterfaceOrientationLandscapeLeft UIInterfaceOrientationLandscapeRight";
				LD_RUNPATH_SEARCH_PATHS = (
					"$(inherited)",
					"@executable_path/Frameworks",
				);
				MARKETING_VERSION = 1.0;
				PRODUCT_BUNDLE_IDENTIFIER = kW.projectOne;
				PRODUCT_NAME = "$(TARGET_NAME)";
				SWIFT_EMIT_LOC_STRINGS = YES;
				SWIFT_VERSION = 5.0;
				TARGETED_DEVICE_FAMILY = "1,2";
			};
			name = Release;
		};
		BDDCC6E62A44857100EFD104 /* Debug */ = {
			isa = XCBuildConfiguration;
			buildSettings = {
				ALWAYS_EMBED_SWIFT_STANDARD_LIBRARIES = YES;
				BUNDLE_LOADER = "$(TEST_HOST)";
				CODE_SIGN_STYLE = Automatic;
				CURRENT_PROJECT_VERSION = 1;
				GENERATE_INFOPLIST_FILE = YES;
				IPHONEOS_DEPLOYMENT_TARGET = 16.4;
				MARKETING_VERSION = 1.0;
				PRODUCT_BUNDLE_IDENTIFIER = kW.projectOneTests;
				PRODUCT_NAME = "$(TARGET_NAME)";
				SWIFT_EMIT_LOC_STRINGS = NO;
				SWIFT_VERSION = 5.0;
				TARGETED_DEVICE_FAMILY = "1,2";
				TEST_HOST = "$(BUILT_PRODUCTS_DIR)/projectOne.app/$(BUNDLE_EXECUTABLE_FOLDER_PATH)/projectOne";
			};
			name = Debug;
		};
		BDDCC6E72A44857100EFD104 /* Release */ = {
			isa = XCBuildConfiguration;
			buildSettings = {
				ALWAYS_EMBED_SWIFT_STANDARD_LIBRARIES = YES;
				BUNDLE_LOADER = "$(TEST_HOST)";
				CODE_SIGN_STYLE = Automatic;
				CURRENT_PROJECT_VERSION = 1;
				GENERATE_INFOPLIST_FILE = YES;
				IPHONEOS_DEPLOYMENT_TARGET = 16.4;
				MARKETING_VERSION = 1.0;
				PRODUCT_BUNDLE_IDENTIFIER = kW.projectOneTests;
				PRODUCT_NAME = "$(TARGET_NAME)";
				SWIFT_EMIT_LOC_STRINGS = NO;
				SWIFT_VERSION = 5.0;
				TARGETED_DEVICE_FAMILY = "1,2";
				TEST_HOST = "$(BUILT_PRODUCTS_DIR)/projectOne.app/$(BUNDLE_EXECUTABLE_FOLDER_PATH)/projectOne";
			};
			name = Release;
		};
		BDDCC6E92A44857100EFD104 /* Debug */ = {
			isa = XCBuildConfiguration;
			buildSettings = {
				ALWAYS_EMBED_SWIFT_STANDARD_LIBRARIES = YES;
				CODE_SIGN_STYLE = Automatic;
				CURRENT_PROJECT_VERSION = 1;
				GENERATE_INFOPLIST_FILE = YES;
				MARKETING_VERSION = 1.0;
				PRODUCT_BUNDLE_IDENTIFIER = kW.projectOneUITests;
				PRODUCT_NAME = "$(TARGET_NAME)";
				SWIFT_EMIT_LOC_STRINGS = NO;
				SWIFT_VERSION = 5.0;
				TARGETED_DEVICE_FAMILY = "1,2";
				TEST_TARGET_NAME = projectOne;
			};
			name = Debug;
		};
		BDDCC6EA2A44857100EFD104 /* Release */ = {
			isa = XCBuildConfiguration;
			buildSettings = {
				ALWAYS_EMBED_SWIFT_STANDARD_LIBRARIES = YES;
				CODE_SIGN_STYLE = Automatic;
				CURRENT_PROJECT_VERSION = 1;
				GENERATE_INFOPLIST_FILE = YES;
				MARKETING_VERSION = 1.0;
				PRODUCT_BUNDLE_IDENTIFIER = kW.projectOneUITests;
				PRODUCT_NAME = "$(TARGET_NAME)";
				SWIFT_EMIT_LOC_STRINGS = NO;
				SWIFT_VERSION = 5.0;
				TARGETED_DEVICE_FAMILY = "1,2";
				TEST_TARGET_NAME = projectOne;
			};
			name = Release;
		};
/* End XCBuildConfiguration section */

/* Begin XCConfigurationList section */
		BDDCC6B92A44856F00EFD104 /* Build configuration list for PBXProject "projectOne" */ = {
			isa = XCConfigurationList;
			buildConfigurations = (
				BDDCC6E02A44857100EFD104 /* Debug */,
				BDDCC6E12A44857100EFD104 /* Release */,
			);
			defaultConfigurationIsVisible = 0;
			defaultConfigurationName = Release;
		};
		BDDCC6E22A44857100EFD104 /* Build configuration list for PBXNativeTarget "projectOne" */ = {
			isa = XCConfigurationList;
			buildConfigurations = (
				BDDCC6E32A44857100EFD104 /* Debug */,
				BDDCC6E42A44857100EFD104 /* Release */,
			);
			defaultConfigurationIsVisible = 0;
			defaultConfigurationName = Release;
		};
		BDDCC6E52A44857100EFD104 /* Build configuration list for PBXNativeTarget "projectOneTests" */ = {
			isa = XCConfigurationList;
			buildConfigurations = (
				BDDCC6E62A44857100EFD104 /* Debug */,
				BDDCC6E72A44857100EFD104 /* Release */,
			);
			defaultConfigurationIsVisible = 0;
			defaultConfigurationName = Release;
		};
		BDDCC6E82A44857100EFD104 /* Build configuration list for PBXNativeTarget "projectOneUITests" */ = {
			isa = XCConfigurationList;
			buildConfigurations = (
				BDDCC6E92A44857100EFD104 /* Debug */,
				BDDCC6EA2A44857100EFD104 /* Release */,
			);
			defaultConfigurationIsVisible = 0;
			defaultConfigurationName = Release;
		};
/* End XCConfigurationList section */
	};
	rootObject = BDDCC6B62A44856F00EFD104 /* Project object */;
}
